
Microsoft Visual Studio Solution File, Format Version 12.00
# Visual Studio Version 16
VisualStudioVersion = 16.0.29424.173
MinimumVisualStudioVersion = 10.0.40219.1
Project("{FAE04EC0-301F-11D3-BF4B-00C04F79EFBC}") = "Person", "Person\Person.csproj", "{BB1EB431-0490-43A1-9E8E-E794027A89F6}"
EndProject
Project("{FAE04EC0-301F-11D3-BF4B-00C04F79EFBC}") = "Zoo", "Zoo\Zoo.csproj", "{81F09A5C-BA10-448D-A2C3-2B63176626F2}"
EndProject
Project("{FAE04EC0-301F-11D3-BF4B-00C04F79EFBC}") = "PlayersAndMonsters", "PlayersAndMonsters\PlayersAndMonsters.csproj", "{36E79CE7-D52C-4B8C-93D2-E73E026057EC}"
EndProject
Project("{FAE04EC0-301F-11D3-BF4B-00C04F79EFBC}") = "NeedForSpeed", "NeedForSpeed\NeedForSpeed.csproj", "{2327C335-E996-43C5-AA49-08802C085CA7}"
EndProject
Project("{FAE04EC0-301F-11D3-BF4B-00C04F79EFBC}") = "Restaurant", "Restaurant\Restaurant.csproj", "{88F26EEF-D283-4C03-9864-DACEBAD7CF36}"
EndProject
Global
	GlobalSection(SolutionConfigurationPlatforms) = preSolution
		Debug|Any CPU = Debug|Any CPU
		Release|Any CPU = Release|Any CPU
	EndGlobalSection
	GlobalSection(ProjectConfigurationPlatforms) = postSolution
		{BB1EB431-0490-43A1-9E8E-E794027A89F6}.Debug|Any CPU.ActiveCfg = Debug|Any CPU
		{BB1EB431-0490-43A1-9E8E-E794027A89F6}.Debug|Any CPU.Build.0 = Debug|Any CPU
		{BB1EB431-0490-43A1-9E8E-E794027A89F6}.Release|Any CPU.ActiveCfg = Release|Any CPU
		{BB1EB431-0490-43A1-9E8E-E794027A89F6}.Release|Any CPU.Build.0 = Release|Any CPU
		{81F09A5C-BA10-448D-A2C3-2B63176626F2}.Debug|Any CPU.ActiveCfg = Debug|Any CPU
		{81F09A5C-BA10-448D-A2C3-2B63176626F2}.Debug|Any CPU.Build.0 = Debug|Any CPU
		{81F09A5C-BA10-448D-A2C3-2B63176626F2}.Release|Any CPU.ActiveCfg = Release|Any CPU
		{81F09A5C-BA10-448D-A2C3-2B63176626F2}.Release|Any CPU.Build.0 = Release|Any CPU
		{36E79CE7-D52C-4B8C-93D2-E73E026057EC}.Debug|Any CPU.ActiveCfg = Debug|Any CPU
		{36E79CE7-D52C-4B8C-93D2-E73E026057EC}.Debug|Any CPU.Build.0 = Debug|Any CPU
		{36E79CE7-D52C-4B8C-93D2-E73E026057EC}.Release|Any CPU.ActiveCfg = Release|Any CPU
		{36E79CE7-D52C-4B8C-93D2-E73E026057EC}.Release|Any CPU.Build.0 = Release|Any CPU
		{2327C335-E996-43C5-AA49-08802C085CA7}.Debug|Any CPU.ActiveCfg = Debug|Any CPU
		{2327C335-E996-43C5-AA49-08802C085CA7}.Debug|Any CPU.Build.0 = Debug|Any CPU
		{2327C335-E996-43C5-AA49-08802C085CA7}.Release|Any CPU.ActiveCfg = Release|Any CPU
		{2327C335-E996-43C5-AA49-08802C085CA7}.Release|Any CPU.Build.0 = Release|Any CPU
		{88F26EEF-D283-4C03-9864-DACEBAD7CF36}.Debug|Any CPU.ActiveCfg = Debug|Any CPU
		{88F26EEF-D283-4C03-9864-DACEBAD7CF36}.Debug|Any CPU.Build.0 = Debug|Any CPU
		{88F26EEF-D283-4C03-9864-DACEBAD7CF36}.Release|Any CPU.ActiveCfg = Release|Any CPU
		{88F26EEF-D283-4C03-9864-DACEBAD7CF36}.Release|Any CPU.Build.0 = Release|Any CPU
	EndGlobalSection
	GlobalSection(SolutionProperties) = preSolution
		HideSolutionNode = FALSE
	EndGlobalSection
	GlobalSection(ExtensibilityGlobals) = postSolution
		SolutionGuid = {8D27BBB2-164C-4EBC-86BB-45158CC78FB8}
	EndGlobalSection
EndGlobal
